
Microsoft Visual Studio Solution File, Format Version 12.00
# Visual Studio Version 17
VisualStudioVersion = 17.14.36025.13 d17.14
MinimumVisualStudioVersion = 10.0.40219.1
Project("{FAE04EC0-301F-11D3-BF4B-00C04F79EFBC}") = "Tubes_Console", "Tubes_Console.csproj", "{29591B60-7BB1-4625-A6DF-5AA3B02C8201}"
EndProject
Project("{FAE04EC0-301F-11D3-BF4B-00C04F79EFBC}") = "Tubes_API", "..\Tubes_API\Tubes_API.csproj", "{4A540338-BFD7-44FC-BF65-B7E2FA48C737}"
EndProject
Global
	GlobalSection(SolutionConfigurationPlatforms) = preSolution
		Debug|Any CPU = Debug|Any CPU
		Release|Any CPU = Release|Any CPU
	EndGlobalSection
	GlobalSection(ProjectConfigurationPlatforms) = postSolution
		{29591B60-7BB1-4625-A6DF-5AA3B02C8201}.Debug|Any CPU.ActiveCfg = Debug|Any CPU
		{29591B60-7BB1-4625-A6DF-5AA3B02C8201}.Debug|Any CPU.Build.0 = Debug|Any CPU
		{29591B60-7BB1-4625-A6DF-5AA3B02C8201}.Release|Any CPU.ActiveCfg = Release|Any CPU
		{29591B60-7BB1-4625-A6DF-5AA3B02C8201}.Release|Any CPU.Build.0 = Release|Any CPU
		{4A540338-BFD7-44FC-BF65-B7E2FA48C737}.Debug|Any CPU.ActiveCfg = Debug|Any CPU
		{4A540338-BFD7-44FC-BF65-B7E2FA48C737}.Debug|Any CPU.Build.0 = Debug|Any CPU
		{4A540338-BFD7-44FC-BF65-B7E2FA48C737}.Release|Any CPU.ActiveCfg = Release|Any CPU
		{4A540338-BFD7-44FC-BF65-B7E2FA48C737}.Release|Any CPU.Build.0 = Release|Any CPU
	EndGlobalSection
	GlobalSection(SolutionProperties) = preSolution
		HideSolutionNode = FALSE
	EndGlobalSection
	GlobalSection(ExtensibilityGlobals) = postSolution
		SolutionGuid = {900A521D-70C9-496E-8944-488ACCFE86F9}
	EndGlobalSection
EndGlobal
